
Microsoft Visual Studio Solution File, Format Version 12.00
# Visual Studio Version 17
VisualStudioVersion = 17.8.34309.116
MinimumVisualStudioVersion = 10.0.40219.1
Project("{9A19103F-16F7-4668-BE54-9A1E7A4F7556}") = "LibraryPepper.API", "LibraryPepper.API.csproj", "{6B4A3A8A-2CCA-47A6-A5A4-7A76FF566357}"
EndProject
Project("{9A19103F-16F7-4668-BE54-9A1E7A4F7556}") = "LibraryPepper.Application", "..\LibraryPepper.Application\LibraryPepper.Application.csproj", "{F95C8B66-5F15-45DB-BDE4-ECA0541B4256}"
EndProject
Project("{9A19103F-16F7-4668-BE54-9A1E7A4F7556}") = "LibraryPepper.Domain", "..\LibraryPepper.Domain\LibraryPepper.Domain.csproj", "{71E2CB52-A62B-4878-A746-60C160572A33}"
EndProject
Project("{9A19103F-16F7-4668-BE54-9A1E7A4F7556}") = "LibraryPepper.Infrastructure", "..\LibraryPepper.Infrastructure\LibraryPepper.Infrastructure.csproj", "{0B8AE5B8-B913-431F-A121-AD9CC961C5D6}"
EndProject
Project("{FAE04EC0-301F-11D3-BF4B-00C04F79EFBC}") = "LibraryPepper.Tests", "..\LibraryPepper.Tests\LibraryPepper.Tests.csproj", "{542EFBFD-EE51-413C-9316-E330AF4E4E87}"
EndProject
Global
	GlobalSection(SolutionConfigurationPlatforms) = preSolution
		Debug|Any CPU = Debug|Any CPU
		Release|Any CPU = Release|Any CPU
	EndGlobalSection
	GlobalSection(ProjectConfigurationPlatforms) = postSolution
		{6B4A3A8A-2CCA-47A6-A5A4-7A76FF566357}.Debug|Any CPU.ActiveCfg = Debug|Any CPU
		{6B4A3A8A-2CCA-47A6-A5A4-7A76FF566357}.Debug|Any CPU.Build.0 = Debug|Any CPU
		{6B4A3A8A-2CCA-47A6-A5A4-7A76FF566357}.Release|Any CPU.ActiveCfg = Release|Any CPU
		{6B4A3A8A-2CCA-47A6-A5A4-7A76FF566357}.Release|Any CPU.Build.0 = Release|Any CPU
		{F95C8B66-5F15-45DB-BDE4-ECA0541B4256}.Debug|Any CPU.ActiveCfg = Debug|Any CPU
		{F95C8B66-5F15-45DB-BDE4-ECA0541B4256}.Debug|Any CPU.Build.0 = Debug|Any CPU
		{F95C8B66-5F15-45DB-BDE4-ECA0541B4256}.Release|Any CPU.ActiveCfg = Release|Any CPU
		{F95C8B66-5F15-45DB-BDE4-ECA0541B4256}.Release|Any CPU.Build.0 = Release|Any CPU
		{71E2CB52-A62B-4878-A746-60C160572A33}.Debug|Any CPU.ActiveCfg = Debug|Any CPU
		{71E2CB52-A62B-4878-A746-60C160572A33}.Debug|Any CPU.Build.0 = Debug|Any CPU
		{71E2CB52-A62B-4878-A746-60C160572A33}.Release|Any CPU.ActiveCfg = Release|Any CPU
		{71E2CB52-A62B-4878-A746-60C160572A33}.Release|Any CPU.Build.0 = Release|Any CPU
		{0B8AE5B8-B913-431F-A121-AD9CC961C5D6}.Debug|Any CPU.ActiveCfg = Debug|Any CPU
		{0B8AE5B8-B913-431F-A121-AD9CC961C5D6}.Debug|Any CPU.Build.0 = Debug|Any CPU
		{0B8AE5B8-B913-431F-A121-AD9CC961C5D6}.Release|Any CPU.ActiveCfg = Release|Any CPU
		{0B8AE5B8-B913-431F-A121-AD9CC961C5D6}.Release|Any CPU.Build.0 = Release|Any CPU
		{542EFBFD-EE51-413C-9316-E330AF4E4E87}.Debug|Any CPU.ActiveCfg = Debug|Any CPU
		{542EFBFD-EE51-413C-9316-E330AF4E4E87}.Debug|Any CPU.Build.0 = Debug|Any CPU
		{542EFBFD-EE51-413C-9316-E330AF4E4E87}.Release|Any CPU.ActiveCfg = Release|Any CPU
		{542EFBFD-EE51-413C-9316-E330AF4E4E87}.Release|Any CPU.Build.0 = Release|Any CPU
	EndGlobalSection
	GlobalSection(SolutionProperties) = preSolution
		HideSolutionNode = FALSE
	EndGlobalSection
	GlobalSection(ExtensibilityGlobals) = postSolution
		SolutionGuid = {67E61C82-EAEA-4486-B10E-35D670496D86}
	EndGlobalSection
EndGlobal
